
Microsoft Visual Studio Solution File, Format Version 12.00
# Visual Studio 15
VisualStudioVersion = 15.0.27130.2010
MinimumVisualStudioVersion = 10.0.40219.1
Project("{9A19103F-16F7-4668-BE54-9A1E7A4F7556}") = "ShopCoreApp", "ShopCoreApp\ShopCoreApp.csproj", "{2B39D1A5-CB3B-4C4A-BB01-F0DC9D255EC8}"
EndProject
Project("{9A19103F-16F7-4668-BE54-9A1E7A4F7556}") = "ShopCoreApp.Infrastructure", "ShopCoreApp.Infrastructure\ShopCoreApp.Infrastructure.csproj", "{477543D6-B412-4B38-B5F1-7BB59F221988}"
EndProject
Project("{9A19103F-16F7-4668-BE54-9A1E7A4F7556}") = "ShopCoreApp.Utilities", "ShopCoreApp.Utilities\ShopCoreApp.Utilities.csproj", "{742EBDFA-A829-4240-B53A-32035201E341}"
EndProject
Project("{9A19103F-16F7-4668-BE54-9A1E7A4F7556}") = "ShopCoreApp.Data", "ShopCoreApp.Data\ShopCoreApp.Data.csproj", "{6147DA44-FDB0-44D4-A44D-D77C2D475B9A}"
EndProject
Project("{9A19103F-16F7-4668-BE54-9A1E7A4F7556}") = "ShopCoreApp.Data.EF", "ShopCoreApp.Data.EF\ShopCoreApp.Data.EF.csproj", "{C1FBF99A-8A97-46C5-9BB1-830A7A67EDEF}"
EndProject
Project("{9A19103F-16F7-4668-BE54-9A1E7A4F7556}") = "ShopCoreApp.Service", "ShopCoreApp.Service\ShopCoreApp.Service.csproj", "{54644A1C-61B1-466F-86FF-D9C90DAB087D}"
EndProject
Project("{9A19103F-16F7-4668-BE54-9A1E7A4F7556}") = "ShopCoreApp.WebApi", "ShopCoreApp.WebApi\ShopCoreApp.WebApi.csproj", "{C4E1941D-697D-41E5-8103-C0E21568E7DC}"
EndProject
Project("{2150E333-8FDC-42A3-9474-1A3956D46DE8}") = "1. Presentation", "1. Presentation", "{67DE5555-9FCF-4E05-9F0D-ED83286E4510}"
EndProject
Project("{2150E333-8FDC-42A3-9474-1A3956D46DE8}") = "2. Application", "2. Application", "{CFDD3C0E-CD88-49E5-BF67-9F3EA82C5D3B}"
EndProject
Project("{2150E333-8FDC-42A3-9474-1A3956D46DE8}") = "3. Domain", "3. Domain", "{7EE18B9A-7B1C-458E-8261-CD575514A339}"
EndProject
Project("{2150E333-8FDC-42A3-9474-1A3956D46DE8}") = "4. Infrastructure", "4. Infrastructure", "{4731B0D2-9F21-43FE-B682-88170C5C7C28}"
EndProject
Project("{FAE04EC0-301F-11D3-BF4B-00C04F79EFBC}") = "ShopCoreApp.Data.MDEF", "ShopCoreApp.Data.MDEF\ShopCoreApp.Data.MDEF.csproj", "{10ECD80D-FE1E-4F2D-9691-531C1E2E1105}"
EndProject
Global
	GlobalSection(SolutionConfigurationPlatforms) = preSolution
		Debug|Any CPU = Debug|Any CPU
		Release|Any CPU = Release|Any CPU
	EndGlobalSection
	GlobalSection(ProjectConfigurationPlatforms) = postSolution
		{2B39D1A5-CB3B-4C4A-BB01-F0DC9D255EC8}.Debug|Any CPU.ActiveCfg = Debug|Any CPU
		{2B39D1A5-CB3B-4C4A-BB01-F0DC9D255EC8}.Debug|Any CPU.Build.0 = Debug|Any CPU
		{2B39D1A5-CB3B-4C4A-BB01-F0DC9D255EC8}.Release|Any CPU.ActiveCfg = Release|Any CPU
		{2B39D1A5-CB3B-4C4A-BB01-F0DC9D255EC8}.Release|Any CPU.Build.0 = Release|Any CPU
		{477543D6-B412-4B38-B5F1-7BB59F221988}.Debug|Any CPU.ActiveCfg = Debug|Any CPU
		{477543D6-B412-4B38-B5F1-7BB59F221988}.Debug|Any CPU.Build.0 = Debug|Any CPU
		{477543D6-B412-4B38-B5F1-7BB59F221988}.Release|Any CPU.ActiveCfg = Release|Any CPU
		{477543D6-B412-4B38-B5F1-7BB59F221988}.Release|Any CPU.Build.0 = Release|Any CPU
		{742EBDFA-A829-4240-B53A-32035201E341}.Debug|Any CPU.ActiveCfg = Debug|Any CPU
		{742EBDFA-A829-4240-B53A-32035201E341}.Debug|Any CPU.Build.0 = Debug|Any CPU
		{742EBDFA-A829-4240-B53A-32035201E341}.Release|Any CPU.ActiveCfg = Release|Any CPU
		{742EBDFA-A829-4240-B53A-32035201E341}.Release|Any CPU.Build.0 = Release|Any CPU
		{6147DA44-FDB0-44D4-A44D-D77C2D475B9A}.Debug|Any CPU.ActiveCfg = Debug|Any CPU
		{6147DA44-FDB0-44D4-A44D-D77C2D475B9A}.Debug|Any CPU.Build.0 = Debug|Any CPU
		{6147DA44-FDB0-44D4-A44D-D77C2D475B9A}.Release|Any CPU.ActiveCfg = Release|Any CPU
		{6147DA44-FDB0-44D4-A44D-D77C2D475B9A}.Release|Any CPU.Build.0 = Release|Any CPU
		{C1FBF99A-8A97-46C5-9BB1-830A7A67EDEF}.Debug|Any CPU.ActiveCfg = Debug|Any CPU
		{C1FBF99A-8A97-46C5-9BB1-830A7A67EDEF}.Debug|Any CPU.Build.0 = Debug|Any CPU
		{C1FBF99A-8A97-46C5-9BB1-830A7A67EDEF}.Release|Any CPU.ActiveCfg = Release|Any CPU
		{C1FBF99A-8A97-46C5-9BB1-830A7A67EDEF}.Release|Any CPU.Build.0 = Release|Any CPU
		{54644A1C-61B1-466F-86FF-D9C90DAB087D}.Debug|Any CPU.ActiveCfg = Debug|Any CPU
		{54644A1C-61B1-466F-86FF-D9C90DAB087D}.Debug|Any CPU.Build.0 = Debug|Any CPU
		{54644A1C-61B1-466F-86FF-D9C90DAB087D}.Release|Any CPU.ActiveCfg = Release|Any CPU
		{54644A1C-61B1-466F-86FF-D9C90DAB087D}.Release|Any CPU.Build.0 = Release|Any CPU
		{C4E1941D-697D-41E5-8103-C0E21568E7DC}.Debug|Any CPU.ActiveCfg = Debug|Any CPU
		{C4E1941D-697D-41E5-8103-C0E21568E7DC}.Debug|Any CPU.Build.0 = Debug|Any CPU
		{C4E1941D-697D-41E5-8103-C0E21568E7DC}.Release|Any CPU.ActiveCfg = Release|Any CPU
		{C4E1941D-697D-41E5-8103-C0E21568E7DC}.Release|Any CPU.Build.0 = Release|Any CPU
		{10ECD80D-FE1E-4F2D-9691-531C1E2E1105}.Debug|Any CPU.ActiveCfg = Debug|Any CPU
		{10ECD80D-FE1E-4F2D-9691-531C1E2E1105}.Debug|Any CPU.Build.0 = Debug|Any CPU
		{10ECD80D-FE1E-4F2D-9691-531C1E2E1105}.Release|Any CPU.ActiveCfg = Release|Any CPU
		{10ECD80D-FE1E-4F2D-9691-531C1E2E1105}.Release|Any CPU.Build.0 = Release|Any CPU
	EndGlobalSection
	GlobalSection(SolutionProperties) = preSolution
		HideSolutionNode = FALSE
	EndGlobalSection
	GlobalSection(NestedProjects) = preSolution
		{2B39D1A5-CB3B-4C4A-BB01-F0DC9D255EC8} = {67DE5555-9FCF-4E05-9F0D-ED83286E4510}
		{477543D6-B412-4B38-B5F1-7BB59F221988} = {4731B0D2-9F21-43FE-B682-88170C5C7C28}
		{742EBDFA-A829-4240-B53A-32035201E341} = {4731B0D2-9F21-43FE-B682-88170C5C7C28}
		{6147DA44-FDB0-44D4-A44D-D77C2D475B9A} = {7EE18B9A-7B1C-458E-8261-CD575514A339}
		{C1FBF99A-8A97-46C5-9BB1-830A7A67EDEF} = {7EE18B9A-7B1C-458E-8261-CD575514A339}
		{54644A1C-61B1-466F-86FF-D9C90DAB087D} = {CFDD3C0E-CD88-49E5-BF67-9F3EA82C5D3B}
		{C4E1941D-697D-41E5-8103-C0E21568E7DC} = {67DE5555-9FCF-4E05-9F0D-ED83286E4510}
		{10ECD80D-FE1E-4F2D-9691-531C1E2E1105} = {7EE18B9A-7B1C-458E-8261-CD575514A339}
	EndGlobalSection
	GlobalSection(ExtensibilityGlobals) = postSolution
		SolutionGuid = {1AA76B7C-DC7E-462A-9C72-358B376D681A}
	EndGlobalSection
EndGlobal
